{
  "name": "droplight",
  "lockfileVersion": 3,
  "requires": true,
  "packages": {
    "": {
      "name": "droplight",
      "workspaces": [
        "src/client",
        "src/service"
      ]
    },
    "node_modules/client": {
      "resolved": "src/client",
      "link": true
    },
    "node_modules/service": {
      "resolved": "src/service",
      "link": true
    },
    "src/client": {},
    "src/service": {}
  }
}
